
Microsoft Visual Studio Solution File, Format Version 12.00
# Visual Studio Version 17
VisualStudioVersion = 17.9.34728.123
MinimumVisualStudioVersion = 10.0.40219.1
Project("{FAE04EC0-301F-11D3-BF4B-00C04F79EFBC}") = "ПР8", "ПР8.csproj", "{AB0E36C4-07DE-4DC7-88A0-4BB3FA89F25F}"
EndProject
Global
	GlobalSection(SolutionConfigurationPlatforms) = preSolution
		Debug|Any CPU = Debug|Any CPU
		Release|Any CPU = Release|Any CPU
	EndGlobalSection
	GlobalSection(ProjectConfigurationPlatforms) = postSolution
		{AB0E36C4-07DE-4DC7-88A0-4BB3FA89F25F}.Debug|Any CPU.ActiveCfg = Debug|Any CPU
		{AB0E36C4-07DE-4DC7-88A0-4BB3FA89F25F}.Debug|Any CPU.Build.0 = Debug|Any CPU
		{AB0E36C4-07DE-4DC7-88A0-4BB3FA89F25F}.Release|Any CPU.ActiveCfg = Release|Any CPU
		{AB0E36C4-07DE-4DC7-88A0-4BB3FA89F25F}.Release|Any CPU.Build.0 = Release|Any CPU
	EndGlobalSection
	GlobalSection(SolutionProperties) = preSolution
		HideSolutionNode = FALSE
	EndGlobalSection
	GlobalSection(ExtensibilityGlobals) = postSolution
		SolutionGuid = {FEF988B0-C1C8-4402-94CE-A95BBB7F441E}
	EndGlobalSection
EndGlobal
